
Microsoft Visual Studio Solution File, Format Version 12.00
# Visual Studio Version 16
VisualStudioVersion = 16.0.30114.105
MinimumVisualStudioVersion = 10.0.40219.1
Project("{9A19103F-16F7-4668-BE54-9A1E7A4F7556}") = "StudentPortal", "StudentPortal\StudentPortal.csproj", "{C18E02B0-911C-4ADF-981E-728B537EDB5B}"
EndProject
Project("{9A19103F-16F7-4668-BE54-9A1E7A4F7556}") = "DAL", "DAL\DAL.csproj", "{63F8EA6E-6507-4759-B93F-A2AAE58B41A5}"
EndProject
Project("{9A19103F-16F7-4668-BE54-9A1E7A4F7556}") = "BAL", "BAL\BAL.csproj", "{CFADDED1-D6F0-4F96-B43C-7496ED1EE964}"
EndProject
Global
	GlobalSection(SolutionConfigurationPlatforms) = preSolution
		Debug|Any CPU = Debug|Any CPU
		Release|Any CPU = Release|Any CPU
	EndGlobalSection
	GlobalSection(ProjectConfigurationPlatforms) = postSolution
		{C18E02B0-911C-4ADF-981E-728B537EDB5B}.Debug|Any CPU.ActiveCfg = Debug|Any CPU
		{C18E02B0-911C-4ADF-981E-728B537EDB5B}.Debug|Any CPU.Build.0 = Debug|Any CPU
		{C18E02B0-911C-4ADF-981E-728B537EDB5B}.Release|Any CPU.ActiveCfg = Release|Any CPU
		{C18E02B0-911C-4ADF-981E-728B537EDB5B}.Release|Any CPU.Build.0 = Release|Any CPU
		{63F8EA6E-6507-4759-B93F-A2AAE58B41A5}.Debug|Any CPU.ActiveCfg = Debug|Any CPU
		{63F8EA6E-6507-4759-B93F-A2AAE58B41A5}.Debug|Any CPU.Build.0 = Debug|Any CPU
		{63F8EA6E-6507-4759-B93F-A2AAE58B41A5}.Release|Any CPU.ActiveCfg = Release|Any CPU
		{63F8EA6E-6507-4759-B93F-A2AAE58B41A5}.Release|Any CPU.Build.0 = Release|Any CPU
		{CFADDED1-D6F0-4F96-B43C-7496ED1EE964}.Debug|Any CPU.ActiveCfg = Debug|Any CPU
		{CFADDED1-D6F0-4F96-B43C-7496ED1EE964}.Debug|Any CPU.Build.0 = Debug|Any CPU
		{CFADDED1-D6F0-4F96-B43C-7496ED1EE964}.Release|Any CPU.ActiveCfg = Release|Any CPU
		{CFADDED1-D6F0-4F96-B43C-7496ED1EE964}.Release|Any CPU.Build.0 = Release|Any CPU
	EndGlobalSection
	GlobalSection(SolutionProperties) = preSolution
		HideSolutionNode = FALSE
	EndGlobalSection
	GlobalSection(ExtensibilityGlobals) = postSolution
		SolutionGuid = {841319A8-9C5C-4577-9F10-DE7BF2F97AEA}
	EndGlobalSection
EndGlobal
